Microsoft Visual Studio Solution File, Format Version 12.00
# Visual Studio Version 17
VisualStudioVersion = 17.5.2.0
MinimumVisualStudioVersion = 10.0.40219.1
Project("{FAE04EC0-301F-11D3-BF4B-00C04F79EFBC}") = "MiProyectoGit_MJR", "MiProyectoGit_MJR.csproj", "{5DE4F786-5F67-1F7B-E500-5B7CB74CD8DF}"
EndProject
Global
	GlobalSection(SolutionConfigurationPlatforms) = preSolution
		Debug|Any CPU = Debug|Any CPU
		Release|Any CPU = Release|Any CPU
	EndGlobalSection
	GlobalSection(ProjectConfigurationPlatforms) = postSolution
		{5DE4F786-5F67-1F7B-E500-5B7CB74CD8DF}.Debug|Any CPU.ActiveCfg = Debug|Any CPU
		{5DE4F786-5F67-1F7B-E500-5B7CB74CD8DF}.Debug|Any CPU.Build.0 = Debug|Any CPU
		{5DE4F786-5F67-1F7B-E500-5B7CB74CD8DF}.Release|Any CPU.ActiveCfg = Release|Any CPU
		{5DE4F786-5F67-1F7B-E500-5B7CB74CD8DF}.Release|Any CPU.Build.0 = Release|Any CPU
	EndGlobalSection
	GlobalSection(SolutionProperties) = preSolution
		HideSolutionNode = FALSE
	EndGlobalSection
	GlobalSection(ExtensibilityGlobals) = postSolution
		SolutionGuid = {18BB087E-CB80-44B3-B03A-07A270B27B4C}
	EndGlobalSection
EndGlobal
